
Microsoft Visual Studio Solution File, Format Version 12.00
# Visual Studio 14
VisualStudioVersion = 14.0.23107.0
MinimumVisualStudioVersion = 10.0.40219.1
Project("{FAE04EC0-301F-11D3-BF4B-00C04F79EFBC}") = "MameMiner", "MameMiner\MameMiner.csproj", "{2819B112-0B37-4225-8C8B-FC1304DAC9F0}"
EndProject
Project("{2150E333-8FDC-42A3-9474-1A3956D46DE8}") = "Old Code", "Old Code", "{0F21086C-D0ED-4731-A8D7-D8624AB7ABE9}"
EndProject
Project("{FAE04EC0-301F-11D3-BF4B-00C04F79EFBC}") = "MameMiner.Model", "MameMiner.Model\MameMiner.Model.csproj", "{90FB7EB9-CE82-430F-A847-C9A6805BF7F6}"
EndProject
Project("{FAE04EC0-301F-11D3-BF4B-00C04F79EFBC}") = "MameMiner.Model.Tests", "MameMiner.Model.Tests\MameMiner.Model.Tests.csproj", "{418785A1-6201-434B-95EA-8CEC575165A9}"
EndProject
Project("{FAE04EC0-301F-11D3-BF4B-00C04F79EFBC}") = "MameMiner.WPF", "MameMiner.WPF\MameMiner.WPF.csproj", "{697F5045-06D8-4C96-9B01-93160C76F7B5}"
EndProject
Project("{2150E333-8FDC-42A3-9474-1A3956D46DE8}") = "Documentation", "Documentation", "{80A6384A-A62B-4928-8266-7AB22FA5E0A4}"
	ProjectSection(SolutionItems) = preProject
		Documentation\Object Model.odg = Documentation\Object Model.odg
	EndProjectSection
EndProject
Project("{FAE04EC0-301F-11D3-BF4B-00C04F79EFBC}") = "MameMiner.Repository", "MameMiner.Repository\MameMiner.Repository.csproj", "{0E86874C-8715-433F-B72F-D77F155E3175}"
EndProject
Project("{FAE04EC0-301F-11D3-BF4B-00C04F79EFBC}") = "MameMiner.Service", "MameMiner.Service\MameMiner.Service.csproj", "{7F6C84F6-B445-4E7A-8CDD-A6C20E95D8F4}"
EndProject
Global
	GlobalSection(SolutionConfigurationPlatforms) = preSolution
		Debug|Any CPU = Debug|Any CPU
		Release|Any CPU = Release|Any CPU
	EndGlobalSection
	GlobalSection(ProjectConfigurationPlatforms) = postSolution
		{2819B112-0B37-4225-8C8B-FC1304DAC9F0}.Debug|Any CPU.ActiveCfg = Debug|Any CPU
		{2819B112-0B37-4225-8C8B-FC1304DAC9F0}.Debug|Any CPU.Build.0 = Debug|Any CPU
		{2819B112-0B37-4225-8C8B-FC1304DAC9F0}.Release|Any CPU.ActiveCfg = Release|Any CPU
		{2819B112-0B37-4225-8C8B-FC1304DAC9F0}.Release|Any CPU.Build.0 = Release|Any CPU
		{90FB7EB9-CE82-430F-A847-C9A6805BF7F6}.Debug|Any CPU.ActiveCfg = Debug|Any CPU
		{90FB7EB9-CE82-430F-A847-C9A6805BF7F6}.Debug|Any CPU.Build.0 = Debug|Any CPU
		{90FB7EB9-CE82-430F-A847-C9A6805BF7F6}.Release|Any CPU.ActiveCfg = Release|Any CPU
		{90FB7EB9-CE82-430F-A847-C9A6805BF7F6}.Release|Any CPU.Build.0 = Release|Any CPU
		{418785A1-6201-434B-95EA-8CEC575165A9}.Debug|Any CPU.ActiveCfg = Debug|Any CPU
		{418785A1-6201-434B-95EA-8CEC575165A9}.Debug|Any CPU.Build.0 = Debug|Any CPU
		{418785A1-6201-434B-95EA-8CEC575165A9}.Release|Any CPU.ActiveCfg = Release|Any CPU
		{418785A1-6201-434B-95EA-8CEC575165A9}.Release|Any CPU.Build.0 = Release|Any CPU
		{697F5045-06D8-4C96-9B01-93160C76F7B5}.Debug|Any CPU.ActiveCfg = Debug|Any CPU
		{697F5045-06D8-4C96-9B01-93160C76F7B5}.Debug|Any CPU.Build.0 = Debug|Any CPU
		{697F5045-06D8-4C96-9B01-93160C76F7B5}.Release|Any CPU.ActiveCfg = Release|Any CPU
		{697F5045-06D8-4C96-9B01-93160C76F7B5}.Release|Any CPU.Build.0 = Release|Any CPU
		{0E86874C-8715-433F-B72F-D77F155E3175}.Debug|Any CPU.ActiveCfg = Debug|Any CPU
		{0E86874C-8715-433F-B72F-D77F155E3175}.Debug|Any CPU.Build.0 = Debug|Any CPU
		{0E86874C-8715-433F-B72F-D77F155E3175}.Release|Any CPU.ActiveCfg = Release|Any CPU
		{0E86874C-8715-433F-B72F-D77F155E3175}.Release|Any CPU.Build.0 = Release|Any CPU
		{7F6C84F6-B445-4E7A-8CDD-A6C20E95D8F4}.Debug|Any CPU.ActiveCfg = Debug|Any CPU
		{7F6C84F6-B445-4E7A-8CDD-A6C20E95D8F4}.Debug|Any CPU.Build.0 = Debug|Any CPU
		{7F6C84F6-B445-4E7A-8CDD-A6C20E95D8F4}.Release|Any CPU.ActiveCfg = Release|Any CPU
		{7F6C84F6-B445-4E7A-8CDD-A6C20E95D8F4}.Release|Any CPU.Build.0 = Release|Any CPU
	EndGlobalSection
	GlobalSection(SolutionProperties) = preSolution
		HideSolutionNode = FALSE
	EndGlobalSection
	GlobalSection(NestedProjects) = preSolution
		{2819B112-0B37-4225-8C8B-FC1304DAC9F0} = {0F21086C-D0ED-4731-A8D7-D8624AB7ABE9}
	EndGlobalSection
EndGlobal
